
Microsoft Visual Studio Solution File, Format Version 12.00
# Visual Studio Version 16
VisualStudioVersion = 16.0.29306.81
MinimumVisualStudioVersion = 10.0.40219.1
Project("{E24C65DC-7377-472B-9ABA-BC803B73C61A}") = "Assignment1a-n01237816", "Assignment1a-n01237816\", "{F288ADFD-E3EB-4A0D-8448-7F0695EDC20D}"
	ProjectSection(WebsiteProperties) = preProject
		TargetFrameworkMoniker = ".NETFramework,Version%3Dv4.7"
		Debug.AspNetCompiler.VirtualPath = "/localhost_57267"
		Debug.AspNetCompiler.PhysicalPath = "Assignment1a-n01237816\"
		Debug.AspNetCompiler.TargetPath = "PrecompiledWeb\localhost_57267\"
		Debug.AspNetCompiler.Updateable = "true"
		Debug.AspNetCompiler.ForceOverwrite = "true"
		Debug.AspNetCompiler.FixedNames = "false"
		Debug.AspNetCompiler.Debug = "True"
		Release.AspNetCompiler.VirtualPath = "/localhost_57267"
		Release.AspNetCompiler.PhysicalPath = "Assignment1a-n01237816\"
		Release.AspNetCompiler.TargetPath = "PrecompiledWeb\localhost_57267\"
		Release.AspNetCompiler.Updateable = "true"
		Release.AspNetCompiler.ForceOverwrite = "true"
		Release.AspNetCompiler.FixedNames = "false"
		Release.AspNetCompiler.Debug = "False"
		VWDPort = "57267"
		SlnRelativePath = "Assignment1a-n01237816\"
		DefaultWebSiteLanguage = "Visual C#"
	EndProjectSection
EndProject
Global
	GlobalSection(SolutionConfigurationPlatforms) = preSolution
		Debug|Any CPU = Debug|Any CPU
	EndGlobalSection
	GlobalSection(ProjectConfigurationPlatforms) = postSolution
		{F288ADFD-E3EB-4A0D-8448-7F0695EDC20D}.Debug|Any CPU.ActiveCfg = Debug|Any CPU
		{F288ADFD-E3EB-4A0D-8448-7F0695EDC20D}.Debug|Any CPU.Build.0 = Debug|Any CPU
	EndGlobalSection
	GlobalSection(SolutionProperties) = preSolution
		HideSolutionNode = FALSE
	EndGlobalSection
	GlobalSection(ExtensibilityGlobals) = postSolution
		SolutionGuid = {CE33C74C-4380-453D-8B46-BFD7C1034D9B}
	EndGlobalSection
EndGlobal
